
Microsoft Visual Studio Solution File, Format Version 12.00
# Visual Studio Version 17
VisualStudioVersion = 17.1.32228.430
MinimumVisualStudioVersion = 10.0.40219.1
Project("{FAE04EC0-301F-11D3-BF4B-00C04F79EFBC}") = "DTSXExplorer", "DTSXExplorer\DTSXExplorer.csproj", "{933E1934-05E1-4E9A-9EC1-DB9C8779B5B7}"
EndProject
Global
	GlobalSection(SolutionConfigurationPlatforms) = preSolution
		Debug|Any CPU = Debug|Any CPU
		Release|Any CPU = Release|Any CPU
	EndGlobalSection
	GlobalSection(ProjectConfigurationPlatforms) = postSolution
		{933E1934-05E1-4E9A-9EC1-DB9C8779B5B7}.Debug|Any CPU.ActiveCfg = Debug|Any CPU
		{933E1934-05E1-4E9A-9EC1-DB9C8779B5B7}.Debug|Any CPU.Build.0 = Debug|Any CPU
		{933E1934-05E1-4E9A-9EC1-DB9C8779B5B7}.Release|Any CPU.ActiveCfg = Release|Any CPU
		{933E1934-05E1-4E9A-9EC1-DB9C8779B5B7}.Release|Any CPU.Build.0 = Release|Any CPU
	EndGlobalSection
	GlobalSection(SolutionProperties) = preSolution
		HideSolutionNode = FALSE
	EndGlobalSection
	GlobalSection(ExtensibilityGlobals) = postSolution
		SolutionGuid = {6E934207-A33B-437A-A7A9-F408A5334096}
	EndGlobalSection
EndGlobal
